
Microsoft Visual Studio Solution File, Format Version 12.00
Project("{FAE04EC0-301F-11D3-BF4B-00C04F79EFBC}") = "Homework_71_izida_kubekova", "Homework_71_izida_kubekova\Homework_71_izida_kubekova.csproj", "{DABAA2A5-F981-4574-8F04-AF0AC856B128}"
EndProject
Global
	GlobalSection(SolutionConfigurationPlatforms) = preSolution
		Debug|Any CPU = Debug|Any CPU
		Release|Any CPU = Release|Any CPU
	EndGlobalSection
	GlobalSection(ProjectConfigurationPlatforms) = postSolution
		{DABAA2A5-F981-4574-8F04-AF0AC856B128}.Debug|Any CPU.ActiveCfg = Debug|Any CPU
		{DABAA2A5-F981-4574-8F04-AF0AC856B128}.Debug|Any CPU.Build.0 = Debug|Any CPU
		{DABAA2A5-F981-4574-8F04-AF0AC856B128}.Release|Any CPU.ActiveCfg = Release|Any CPU
		{DABAA2A5-F981-4574-8F04-AF0AC856B128}.Release|Any CPU.Build.0 = Release|Any CPU
	EndGlobalSection
EndGlobal
